dependencies:
- name: postgresql
  repository: oci://registry-1.docker.io/bitnamicharts
  version: 15.5.38
- name: redis
  repository: oci://registry-1.docker.io/bitnamicharts
  version: 19.6.4
- name: kafka
  repository: oci://registry-1.docker.io/bitnamicharts
  version: 29.3.14
- name: gthulhu
  repository: file://charts/gthulhu
  version: 0.1.0
digest: sha256:7d42c1d3663bc3a19b99b3f698b52793698d0f6b0108dce11faa11c2751ab770
generated: "2026-05-18T19:30:29.762135791Z"
